// !$*UTF8*$!
{
	archiveVersion = 1;
	classes = {
	};
	objectVersion = 46;
	objects = {

/* Begin PBXBuildFile section */
		1D2AC0471D147EAF006B2B92 /* AppDelegate.swift in Sources */ = {isa = PBXBuildFile; fileRef = 1D2AC0461D147EAF006B2B92 /* AppDelegate.swift */; };
		1D2AC04C1D147EAF006B2B92 /* Main.storyboard in Resources */ = {isa = PBXBuildFile; fileRef = 1D2AC04A1D147EAF006B2B92 /* Main.storyboard */; };
		1D2AC04F1D147EAF006B2B92 /* tarefa_vistas.xcdatamodeld in Sources */ = {isa = PBXBuildFile; fileRef = 1D2AC04D1D147EAF006B2B92 /* tarefa_vistas.xcdatamodeld */; };
		1D2AC0511D147EAF006B2B92 /* Assets.xcassets in Resources */ = {isa = PBXBuildFile; fileRef = 1D2AC0501D147EAF006B2B92 /* Assets.xcassets */; };
		1D2AC0541D147EAF006B2B92 /* LaunchScreen.storyboard in Resources */ = {isa = PBXBuildFile; fileRef = 1D2AC0521D147EAF006B2B92 /* LaunchScreen.storyboard */; };
		1D2AC05C1D147F3C006B2B92 /* ListaLivros_TableViewController.swift in Sources */ = {isa = PBXBuildFile; fileRef = 1D2AC05B1D147F3C006B2B92 /* ListaLivros_TableViewController.swift */; };
		1D2AC05E1D147F86006B2B92 /* Detalhes_ViewController.swift in Sources */ = {isa = PBXBuildFile; fileRef = 1D2AC05D1D147F86006B2B92 /* Detalhes_ViewController.swift */; };
		1D2AC0601D147FDF006B2B92 /* Adicionar_ViewController.swift in Sources */ = {isa = PBXBuildFile; fileRef = 1D2AC05F1D147FDF006B2B92 /* Adicionar_ViewController.swift */; };
		1D2AC0621D14807E006B2B92 /* Livro.swift in Sources */ = {isa = PBXBuildFile; fileRef = 1D2AC0611D14807E006B2B92 /* Livro.swift */; };
/* End PBXBuildFile section */

/* Begin PBXFileReference section */
		1D2AC0431D147EAF006B2B92 /* tarefa-vistas.app */ = {isa = PBXFileReference; explicitFileType = wrapper.application; includeInIndex = 0; path = "tarefa-vistas.app"; sourceTree = BUILT_PRODUCTS_DIR; };
		1D2AC0461D147EAF006B2B92 /* AppDelegate.swift */ = {isa = PBXFileReference; lastKnownFileType = sourcecode.swift; path = AppDelegate.swift; sourceTree = "<group>"; };
		1D2AC04B1D147EAF006B2B92 /* Base */ = {isa = PBXFileReference; lastKnownFileType = file.storyboard; name = Base; path = Base.lproj/Main.storyboard; sourceTree = "<group>"; };
		1D2AC04E1D147EAF006B2B92 /* tarefa_vistas.xcdatamodel */ = {isa = PBXFileReference; lastKnownFileType = wrapper.xcdatamodel; path = tarefa_vistas.xcdatamodel; sourceTree = "<group>"; };
		1D2AC0501D147EAF006B2B92 /* Assets.xcassets */ = {isa = PBXFileReference; lastKnownFileType = folder.assetcatalog; path = Assets.xcassets; sourceTree = "<group>"; };
		1D2AC0531D147EAF006B2B92 /* Base */ = {isa = PBXFileReference; lastKnownFileType = file.storyboard; name = Base; path = Base.lproj/LaunchScreen.storyboard; sourceTree = "<group>"; };
		1D2AC0551D147EAF006B2B92 /* Info.plist */ = {isa = PBXFileReference; lastKnownFileType = text.plist.xml; path = Info.plist; sourceTree = "<group>"; };
		1D2AC05B1D147F3C006B2B92 /* ListaLivros_TableViewController.swift */ = {isa = PBXFileReference; fileEncoding = 4; lastKnownFileType = sourcecode.swift; path = ListaLivros_TableViewController.swift; sourceTree = "<group>"; };
		1D2AC05D1D147F86006B2B92 /* Detalhes_ViewController.swift */ = {isa = PBXFileReference; fileEncoding = 4; lastKnownFileType = sourcecode.swift; path = Detalhes_ViewController.swift; sourceTree = "<group>"; };
		1D2AC05F1D147FDF006B2B92 /* Adicionar_ViewController.swift */ = {isa = PBXFileReference; fileEncoding = 4; lastKnownFileType = sourcecode.swift; path = Adicionar_ViewController.swift; sourceTree = "<group>"; };
		1D2AC0611D14807E006B2B92 /* Livro.swift */ = {isa = PBXFileReference; fileEncoding = 4; lastKnownFileType = sourcecode.swift; path = Livro.swift; sourceTree = "<group>"; };
/* End PBXFileReference section */

/* Begin PBXFrameworksBuildPhase section */
		1D2AC0401D147EAF006B2B92 /* Frameworks */ = {
			isa = PBXFrameworksBuildPhase;
			buildActionMask = 2147483647;
			files = (
			);
			runOnlyForDeploymentPostprocessing = 0;
		};
/* End PBXFrameworksBuildPhase section */

/* Begin PBXGroup section */
		1D2AC03A1D147EAF006B2B92 = {
			isa = PBXGroup;
			children = (
				1D2AC0451D147EAF006B2B92 /* tarefa-vistas */,
				1D2AC0441D147EAF006B2B92 /* Products */,
			);
			sourceTree = "<group>";
		};
		1D2AC0441D147EAF006B2B92 /* Products */ = {
			isa = PBXGroup;
			children = (
				1D2AC0431D147EAF006B2B92 /* tarefa-vistas.app */,
			);
			name = Products;
			sourceTree = "<group>";
		};
		1D2AC0451D147EAF006B2B92 /* tarefa-vistas */ = {
			isa = PBXGroup;
			children = (
				1D2AC0461D147EAF006B2B92 /* AppDelegate.swift */,
				1D2AC04A1D147EAF006B2B92 /* Main.storyboard */,
				1D2AC0501D147EAF006B2B92 /* Assets.xcassets */,
				1D2AC0521D147EAF006B2B92 /* LaunchScreen.storyboard */,
				1D2AC0551D147EAF006B2B92 /* Info.plist */,
				1D2AC04D1D147EAF006B2B92 /* tarefa_vistas.xcdatamodeld */,
				1D2AC05B1D147F3C006B2B92 /* ListaLivros_TableViewController.swift */,
				1D2AC05D1D147F86006B2B92 /* Detalhes_ViewController.swift */,
				1D2AC05F1D147FDF006B2B92 /* Adicionar_ViewController.swift */,
				1D2AC0611D14807E006B2B92 /* Livro.swift */,
			);
			path = "tarefa-vistas";
			sourceTree = "<group>";
		};
/* End PBXGroup section */

/* Begin PBXNativeTarget section */
		1D2AC0421D147EAF006B2B92 /* tarefa-vistas */ = {
			isa = PBXNativeTarget;
			buildConfigurationList = 1D2AC0581D147EAF006B2B92 /* Build configuration list for PBXNativeTarget "tarefa-vistas" */;
			buildPhases = (
				1D2AC03F1D147EAF006B2B92 /* Sources */,
				1D2AC0401D147EAF006B2B92 /* Frameworks */,
				1D2AC0411D147EAF006B2B92 /* Resources */,
			);
			buildRules = (
			);
			dependencies = (
			);
			name = "tarefa-vistas";
			productName = "tarefa-vistas";
			productReference = 1D2AC0431D147EAF006B2B92 /* tarefa-vistas.app */;
			productType = "com.apple.product-type.application";
		};
/* End PBXNativeTarget section */

/* Begin PBXProject section */
		1D2AC03B1D147EAF006B2B92 /* Project object */ = {
			isa = PBXProject;
			attributes = {
				LastSwiftUpdateCheck = 0730;
				LastUpgradeCheck = 0730;
				ORGANIZATIONNAME = "Henrique Zuchetto Rossi";
				TargetAttributes = {
					1D2AC0421D147EAF006B2B92 = {
						CreatedOnToolsVersion = 7.3.1;
					};
				};
			};
			buildConfigurationList = 1D2AC03E1D147EAF006B2B92 /* Build configuration list for PBXProject "tarefa-vistas" */;
			compatibilityVersion = "Xcode 3.2";
			developmentRegion = English;
			hasScannedForEncodings = 0;
			knownRegions = (
				en,
				Base,
			);
			mainGroup = 1D2AC03A1D147EAF006B2B92;
			productRefGroup = 1D2AC0441D147EAF006B2B92 /* Products */;
			projectDirPath = "";
			projectRoot = "";
			targets = (
				1D2AC0421D147EAF006B2B92 /* tarefa-vistas */,
			);
		};
/* End PBXProject section */

/* Begin PBXResourcesBuildPhase section */
		1D2AC0411D147EAF006B2B92 /* Resources */ = {
			isa = PBXResourcesBuildPhase;
			buildActionMask = 2147483647;
			files = (
				1D2AC0541D147EAF006B2B92 /* LaunchScreen.storyboard in Resources */,
				1D2AC0511D147EAF006B2B92 /* Assets.xcassets in Resources */,
				1D2AC04C1D147EAF006B2B92 /* Main.storyboard in Resources */,
			);
			runOnlyForDeploymentPostprocessing = 0;
		};
/* End PBXResourcesBuildPhase section */

/* Begin PBXSourcesBuildPhase section */
		1D2AC03F1D147EAF006B2B92 /* Sources */ = {
			isa = PBXSourcesBuildPhase;
			buildActionMask = 2147483647;
			files = (
				1D2AC0621D14807E006B2B92 /* Livro.swift in Sources */,
				1D2AC05E1D147F86006B2B92 /* Detalhes_ViewController.swift in Sources */,
				1D2AC0471D147EAF006B2B92 /* AppDelegate.swift in Sources */,
				1D2AC05C1D147F3C006B2B92 /* ListaLivros_TableViewController.swift in Sources */,
				1D2AC0601D147FDF006B2B92 /* Adicionar_ViewController.swift in Sources */,
				1D2AC04F1D147EAF006B2B92 /* tarefa_vistas.xcdatamodeld in Sources */,
			);
			runOnlyForDeploymentPostprocessing = 0;
		};
/* End PBXSourcesBuildPhase section */

/* Begin PBXVariantGroup section */
		1D2AC04A1D147EAF006B2B92 /* Main.storyboard */ = {
			isa = PBXVariantGroup;
			children = (
				1D2AC04B1D147EAF006B2B92 /* Base */,
			);
			name = Main.storyboard;
			sourceTree = "<group>";
		};
		1D2AC0521D147EAF006B2B92 /* LaunchScreen.storyboard */ = {
			isa = PBXVariantGroup;
			children = (
				1D2AC0531D147EAF006B2B92 /* Base */,
			);
			name = LaunchScreen.storyboard;
			sourceTree = "<group>";
		};
/* End PBXVariantGroup section */

/* Begin XCBuildConfiguration section */
		1D2AC0561D147EAF006B2B92 /* Debug */ = {
			isa = XCBuildConfiguration;
			buildSettings = {
				ALWAYS_SEARCH_USER_PATHS = NO;
				CLANG_ANALYZER_NONNULL = YES;
				CLANG_CXX_LANGUAGE_STANDARD = "gnu++0x";
				CLANG_CXX_LIBRARY = "libc++";
				CLANG_ENABLE_MODULES = YES;
				CLANG_ENABLE_OBJC_ARC = YES;
				CLANG_WARN_BOOL_CONVERSION = YES;
				CLANG_WARN_CONSTANT_CONVERSION = YES;
				CLANG_WARN_DIRECT_OBJC_ISA_USAGE = YES_ERROR;
				CLANG_WARN_EMPTY_BODY = YES;
				CLANG_WARN_ENUM_CONVERSION = YES;
				CLANG_WARN_INT_CONVERSION = YES;
				CLANG_WARN_OBJC_ROOT_CLASS = YES_ERROR;
				CLANG_WARN_UNREACHABLE_CODE = YES;
				CLANG_WARN__DUPLICATE_METHOD_MATCH = YES;
				"CODE_SIGN_IDENTITY[sdk=iphoneos*]" = "iPhone Developer";
				COPY_PHASE_STRIP = NO;
				DEBUG_INFORMATION_FORMAT = dwarf;
				ENABLE_STRICT_OBJC_MSGSEND = YES;
				ENABLE_TESTABILITY = YES;
				GCC_C_LANGUAGE_STANDARD = gnu99;
				GCC_DYNAMIC_NO_PIC = NO;
				GCC_NO_COMMON_BLOCKS = YES;
				GCC_OPTIMIZATION_LEVEL = 0;
				GCC_PREPROCESSOR_DEFINITIONS = (
					"DEBUG=1",
					"$(inherited)",
				);
				GCC_WARN_64_TO_32_BIT_CONVERSION = YES;
				GCC_WARN_ABOUT_RETURN_TYPE = YES_ERROR;
				GCC_WARN_UNDECLARED_SELECTOR = YES;
				GCC_WARN_UNINITIALIZED_AUTOS = YES_AGGRESSIVE;
				GCC_WARN_UNUSED_FUNCTION = YES;
				GCC_WARN_UNUSED_VARIABLE = YES;
				IPHONEOS_DEPLOYMENT_TARGET = 9.3;
				MTL_ENABLE_DEBUG_INFO = YES;
				ONLY_ACTIVE_ARCH = YES;
				SDKROOT = iphoneos;
				SWIFT_OPTIMIZATION_LEVEL = "-Onone";
				TARGETED_DEVICE_FAMILY = "1,2";
			};
			name = Debug;
		};
		1D2AC0571D147EAF006B2B92 /* Release */ = {
			isa = XCBuildConfiguration;
			buildSettings = {
				ALWAYS_SEARCH_USER_PATHS = NO;
				CLANG_ANALYZER_NONNULL = YES;
				CLANG_CXX_LANGUAGE_STANDARD = "gnu++0x";
				CLANG_CXX_LIBRARY = "libc++";
				CLANG_ENABLE_MODULES = YES;
				CLANG_ENABLE_OBJC_ARC = YES;
				CLANG_WARN_BOOL_CONVERSION = YES;
				CLANG_WARN_CONSTANT_CONVERSION = YES;
				CLANG_WARN_DIRECT_OBJC_ISA_USAGE = YES_ERROR;
				CLANG_WARN_EMPTY_BODY = YES;
				CLANG_WARN_ENUM_CONVERSION = YES;
				CLANG_WARN_INT_CONVERSION = YES;
				CLANG_WARN_OBJC_ROOT_CLASS = YES_ERROR;
				CLANG_WARN_UNREACHABLE_CODE = YES;
				CLANG_WARN__DUPLICATE_METHOD_MATCH = YES;
				"CODE_SIGN_IDENTITY[sdk=iphoneos*]" = "iPhone Developer";
				COPY_PHASE_STRIP = NO;
				DEBUG_INFORMATION_FORMAT = "dwarf-with-dsym";
				ENABLE_NS_ASSERTIONS = NO;
				ENABLE_STRICT_OBJC_MSGSEND = YES;
				GCC_C_LANGUAGE_STANDARD = gnu99;
				GCC_NO_COMMON_BLOCKS = YES;
				GCC_WARN_64_TO_32_BIT_CONVERSION = YES;
				GCC_WARN_ABOUT_RETURN_TYPE = YES_ERROR;
				GCC_WARN_UNDECLARED_SELECTOR = YES;
				GCC_WARN_UNINITIALIZED_AUTOS = YES_AGGRESSIVE;
				GCC_WARN_UNUSED_FUNCTION = YES;
				GCC_WARN_UNUSED_VARIABLE = YES;
				IPHONEOS_DEPLOYMENT_TARGET = 9.3;
				MTL_ENABLE_DEBUG_INFO = NO;
				SDKROOT = iphoneos;
				TARGETED_DEVICE_FAMILY = "1,2";
				VALIDATE_PRODUCT = YES;
			};
			name = Release;
		};
		1D2AC0591D147EAF006B2B92 /* Debug */ = {
			isa = XCBuildConfiguration;
			buildSettings = {
				ASSETCATALOG_COMPILER_APPICON_NAME = AppIcon;
				INFOPLIST_FILE = "tarefa-vistas/Info.plist";
				LD_RUNPATH_SEARCH_PATHS = "$(inherited) @executable_path/Frameworks";
				PRODUCT_BUNDLE_IDENTIFIER = "br.com.zuchetto.tarefa-vistas";
				PRODUCT_NAME = "$(TARGET_NAME)";
			};
			name = Debug;
		};
		1D2AC05A1D147EAF006B2B92 /* Release */ = {
			isa = XCBuildConfiguration;
			buildSettings = {
				ASSETCATALOG_COMPILER_APPICON_NAME = AppIcon;
				INFOPLIST_FILE = "tarefa-vistas/Info.plist";
				LD_RUNPATH_SEARCH_PATHS = "$(inherited) @executable_path/Frameworks";
				PRODUCT_BUNDLE_IDENTIFIER = "br.com.zuchetto.tarefa-vistas";
				PRODUCT_NAME = "$(TARGET_NAME)";
			};
			name = Release;
		};
/* End XCBuildConfiguration section */

/* Begin XCConfigurationList section */
		1D2AC03E1D147EAF006B2B92 /* Build configuration list for PBXProject "tarefa-vistas" */ = {
			isa = XCConfigurationList;
			buildConfigurations = (
				1D2AC0561D147EAF006B2B92 /* Debug */,
				1D2AC0571D147EAF006B2B92 /* Release */,
			);
			defaultConfigurationIsVisible = 0;
			defaultConfigurationName = Release;
		};
		1D2AC0581D147EAF006B2B92 /* Build configuration list for PBXNativeTarget "tarefa-vistas" */ = {
			isa = XCConfigurationList;
			buildConfigurations = (
				1D2AC0591D147EAF006B2B92 /* Debug */,
				1D2AC05A1D147EAF006B2B92 /* Release */,
			);
			defaultConfigurationIsVisible = 0;
			defaultConfigurationName = Release;
		};
/* End XCConfigurationList section */

/* Begin XCVersionGroup section */
		1D2AC04D1D147EAF006B2B92 /* tarefa_vistas.xcdatamodeld */ = {
			isa = XCVersionGroup;
			children = (
				1D2AC04E1D147EAF006B2B92 /* tarefa_vistas.xcdatamodel */,
			);
			currentVersion = 1D2AC04E1D147EAF006B2B92 /* tarefa_vistas.xcdatamodel */;
			path = tarefa_vistas.xcdatamodeld;
			sourceTree = "<group>";
			versionGroupType = wrapper.xcdatamodel;
		};
/* End XCVersionGroup section */
	};
	rootObject = 1D2AC03B1D147EAF006B2B92 /* Project object */;
}
